// !$*UTF8*$!
{
	archiveVersion = 1;
	classes = {
	};
	objectVersion = 46;
	objects = {

/* Begin PBXBuildFile section */
		20BA94B8834C8BE813F11FF9 /* Pods_TwitterClient.framework in Frameworks */ = {isa = PBXBuildFile; fileRef = 9991B88551A6B21C527D0BC6 /* Pods_TwitterClient.framework */; };
		520D9DD12362A30600E4A6C0 /* Launch Screen.storyboard in Resources */ = {isa = PBXBuildFile; fileRef = 520D9DD02362A30600E4A6C0 /* Launch Screen.storyboard */; };
		5213A0DD22093E030083D35C /* TweetVideoTableViewCell.swift in Sources */ = {isa = PBXBuildFile; fileRef = 5213A0DC22093E030083D35C /* TweetVideoTableViewCell.swift */; };
		5229110C20199B4200B3B50E /* DesignableView.swift in Sources */ = {isa = PBXBuildFile; fileRef = 5229110B20199B4200B3B50E /* DesignableView.swift */; };
		523177FC1F91C4DE00EC4303 /* TweetURL.swift in Sources */ = {isa = PBXBuildFile; fileRef = 523177FB1F91C4DE00EC4303 /* TweetURL.swift */; };
		523177FE1F97015C00EC4303 /* TweetCard.swift in Sources */ = {isa = PBXBuildFile; fileRef = 523177FD1F97015C00EC4303 /* TweetCard.swift */; };
		523178001F9709F700EC4303 /* TweetCardBuilder.swift in Sources */ = {isa = PBXBuildFile; fileRef = 523177FF1F9709F700EC4303 /* TweetCardBuilder.swift */; };
		523507421FC7DA88005C58E2 /* TwitterTimelineController.swift in Sources */ = {isa = PBXBuildFile; fileRef = 523507411FC7DA88005C58E2 /* TwitterTimelineController.swift */; };
		524212A11F17189F008C545E /* TweetTableViewCell.swift in Sources */ = {isa = PBXBuildFile; fileRef = 524212A01F17189F008C545E /* TweetTableViewCell.swift */; };
		525454C81EF4DF8F00A47EFE /* AppDelegate.swift in Sources */ = {isa = PBXBuildFile; fileRef = 525454C71EF4DF8F00A47EFE /* AppDelegate.swift */; };
		525454CD1EF4DF8F00A47EFE /* Main.storyboard in Resources */ = {isa = PBXBuildFile; fileRef = 525454CB1EF4DF8F00A47EFE /* Main.storyboard */; };
		525454D01EF4DF8F00A47EFE /* TwitterClient.xcdatamodeld in Sources */ = {isa = PBXBuildFile; fileRef = 525454CE1EF4DF8F00A47EFE /* TwitterClient.xcdatamodeld */; };
		525454D21EF4DF8F00A47EFE /* Assets.xcassets in Resources */ = {isa = PBXBuildFile; fileRef = 525454D11EF4DF8F00A47EFE /* Assets.xcassets */; };
		526F6290221FBA7A0032F930 /* TweetVideo.swift in Sources */ = {isa = PBXBuildFile; fileRef = 526F628F221FBA7A0032F930 /* TweetVideo.swift */; };
		5279CFE01F5B397700FB4403 /* TwitterUser.swift in Sources */ = {isa = PBXBuildFile; fileRef = 5279CFDF1F5B397700FB4403 /* TwitterUser.swift */; };
		527A6A81217051FC0098764C /* UserTimelineLoader.swift in Sources */ = {isa = PBXBuildFile; fileRef = 527A6A80217051FC0098764C /* UserTimelineLoader.swift */; };
		527FFC201EF754EA00B76881 /* AuthenticationViewController.swift in Sources */ = {isa = PBXBuildFile; fileRef = 527FFC1E1EF754EA00B76881 /* AuthenticationViewController.swift */; };
		527FFC271EF8CF9300B76881 /* SwifteriOS.framework in Frameworks */ = {isa = PBXBuildFile; fileRef = 527FFC261EF8CF9300B76881 /* SwifteriOS.framework */; };
		527FFC281EF8CF9300B76881 /* SwifteriOS.framework in Embed Frameworks */ = {isa = PBXBuildFile; fileRef = 527FFC261EF8CF9300B76881 /* SwifteriOS.framework */; settings = {ATTRIBUTES = (CodeSignOnCopy, RemoveHeadersOnCopy, ); }; };
		527FFC2D1EFA1F1200B76881 /* TweetThreader.swift in Sources */ = {isa = PBXBuildFile; fileRef = 527FFC2C1EFA1F1200B76881 /* TweetThreader.swift */; };
		528D3C9B21A27CF600D75C7B /* OrientationEnforcer.swift in Sources */ = {isa = PBXBuildFile; fileRef = 528D3C9A21A27CF600D75C7B /* OrientationEnforcer.swift */; };
		528D3CB421ACF3BB00D75C7B /* SideMenuTableViewController.swift in Sources */ = {isa = PBXBuildFile; fileRef = 528D3CB321ACF3BB00D75C7B /* SideMenuTableViewController.swift */; };
		528D3CB621ACF45800D75C7B /* AccountImageTableViewCell.swift in Sources */ = {isa = PBXBuildFile; fileRef = 528D3CB521ACF45800D75C7B /* AccountImageTableViewCell.swift */; };
		528D3CBA21AD043600D75C7B /* GlobalVariables.swift in Sources */ = {isa = PBXBuildFile; fileRef = 528D3CB921AD043600D75C7B /* GlobalVariables.swift */; };
		528D3CBC21AD05BF00D75C7B /* AuthenticatedUserController.swift in Sources */ = {isa = PBXBuildFile; fileRef = 528D3CBB21AD05BF00D75C7B /* AuthenticatedUserController.swift */; };
		52A1CE5D1F6F3C2600581FD1 /* UserMention.swift in Sources */ = {isa = PBXBuildFile; fileRef = 52A1CE5C1F6F3C2600581FD1 /* UserMention.swift */; };
		52A1CE5F1F6F3C7B00581FD1 /* Hashtag.swift in Sources */ = {isa = PBXBuildFile; fileRef = 52A1CE5E1F6F3C7B00581FD1 /* Hashtag.swift */; };
		52A1CE621F7607B600581FD1 /* ActionTableViewCell.swift in Sources */ = {isa = PBXBuildFile; fileRef = 52A1CE611F7607B600581FD1 /* ActionTableViewCell.swift */; };
		52A1CE641F760B9200581FD1 /* Date+Extension.swift in Sources */ = {isa = PBXBuildFile; fileRef = 52A1CE631F760B9200581FD1 /* Date+Extension.swift */; };
		52A1CE6B1F788B8B00581FD1 /* TweetSummaryCardTableViewCell.swift in Sources */ = {isa = PBXBuildFile; fileRef = 52A1CE6A1F788B8B00581FD1 /* TweetSummaryCardTableViewCell.swift */; };
		52AEB7061F24499100C09F96 /* Tweet.swift in Sources */ = {isa = PBXBuildFile; fileRef = 52AEB7051F24499100C09F96 /* Tweet.swift */; };
		52CB9977211013BB00FE3A2F /* UserTimelineTableViewController.swift in Sources */ = {isa = PBXBuildFile; fileRef = 52CB9976211013BB00FE3A2F /* UserTimelineTableViewController.swift */; };
		52D4F7941F0C8E6E001BC662 /* ThreadedTweetTableViewController.swift in Sources */ = {isa = PBXBuildFile; fileRef = 52D4F7931F0C8E6E001BC662 /* ThreadedTweetTableViewController.swift */; };
		52D6BEC81FB6B3DF00E93B66 /* TweetImageTableViewCell.swift in Sources */ = {isa = PBXBuildFile; fileRef = 52D6BEC71FB6B3DF00E93B66 /* TweetImageTableViewCell.swift */; };
		52D6BEE81FB7A6DB00E93B66 /* TweetImage.swift in Sources */ = {isa = PBXBuildFile; fileRef = 52D6BEE71FB7A6DB00E93B66 /* TweetImage.swift */; };
		52D6BEEA1FBFE4DF00E93B66 /* TwitterUserCollectionViewCell.swift in Sources */ = {isa = PBXBuildFile; fileRef = 52D6BEE91FBFE4DF00E93B66 /* TwitterUserCollectionViewCell.swift */; };
		52D6BEED1FBFF3F600E93B66 /* TwitterUserCollectionViewController.swift in Sources */ = {isa = PBXBuildFile; fileRef = 52D6BEEC1FBFF3F600E93B66 /* TwitterUserCollectionViewController.swift */; };
		52D6BEEF1FC533F600E93B66 /* TwitterUserController.swift in Sources */ = {isa = PBXBuildFile; fileRef = 52D6BEEE1FC533F600E93B66 /* TwitterUserController.swift */; };
		52E2D77A2378A8B6001124EE /* TwitterLoginButton.swift in Sources */ = {isa = PBXBuildFile; fileRef = 52E2D7792378A8B6001124EE /* TwitterLoginButton.swift */; };
/* End PBXBuildFile section */

/* Begin PBXCopyFilesBuildPhase section */
		527FFC291EF8CF9300B76881 /* Embed Frameworks */ = {
			isa = PBXCopyFilesBuildPhase;
			buildActionMask = 2147483647;
			dstPath = "";
			dstSubfolderSpec = 10;
			files = (
				527FFC281EF8CF9300B76881 /* SwifteriOS.framework in Embed Frameworks */,
			);
			name = "Embed Frameworks";
			runOnlyForDeploymentPostprocessing = 0;
		};
/* End PBXCopyFilesBuildPhase section */

/* Begin PBXFileReference section */
		520D9DD02362A30600E4A6C0 /* Launch Screen.storyboard */ = {isa = PBXFileReference; lastKnownFileType = file.storyboard; path = "Launch Screen.storyboard"; sourceTree = "<group>"; };
		5213A0DC22093E030083D35C /* TweetVideoTableViewCell.swift */ = {isa = PBXFileReference; lastKnownFileType = sourcecode.swift; path = TweetVideoTableViewCell.swift; sourceTree = "<group>"; };
		5229110B20199B4200B3B50E /* DesignableView.swift */ = {isa = PBXFileReference; lastKnownFileType = sourcecode.swift; path = DesignableView.swift; sourceTree = "<group>"; };
		523177FB1F91C4DE00EC4303 /* TweetURL.swift */ = {isa = PBXFileReference; lastKnownFileType = sourcecode.swift; path = TweetURL.swift; sourceTree = "<group>"; };
		523177FD1F97015C00EC4303 /* TweetCard.swift */ = {isa = PBXFileReference; lastKnownFileType = sourcecode.swift; path = TweetCard.swift; sourceTree = "<group>"; };
		523177FF1F9709F700EC4303 /* TweetCardBuilder.swift */ = {isa = PBXFileReference; lastKnownFileType = sourcecode.swift; path = TweetCardBuilder.swift; sourceTree = "<group>"; };
		523507411FC7DA88005C58E2 /* TwitterTimelineController.swift */ = {isa = PBXFileReference; lastKnownFileType = sourcecode.swift; path = TwitterTimelineController.swift; sourceTree = "<group>"; };
		524212A01F17189F008C545E /* TweetTableViewCell.swift */ = {isa = PBXFileReference; fileEncoding = 4; lastKnownFileType = sourcecode.swift; path = TweetTableViewCell.swift; sourceTree = "<group>"; };
		525454C41EF4DF8F00A47EFE /* TwitterClient.app */ = {isa = PBXFileReference; explicitFileType = wrapper.application; includeInIndex = 0; path = TwitterClient.app; sourceTree = BUILT_PRODUCTS_DIR; };
		525454C71EF4DF8F00A47EFE /* AppDelegate.swift */ = {isa = PBXFileReference; lastKnownFileType = sourcecode.swift; path = AppDelegate.swift; sourceTree = "<group>"; };
		525454CC1EF4DF8F00A47EFE /* Base */ = {isa = PBXFileReference; lastKnownFileType = file.storyboard; name = Base; path = Base.lproj/Main.storyboard; sourceTree = "<group>"; };
		525454CF1EF4DF8F00A47EFE /* TwitterClient.xcdatamodel */ = {isa = PBXFileReference; lastKnownFileType = wrapper.xcdatamodel; path = TwitterClient.xcdatamodel; sourceTree = "<group>"; };
		525454D11EF4DF8F00A47EFE /* Assets.xcassets */ = {isa = PBXFileReference; lastKnownFileType = folder.assetcatalog; path = Assets.xcassets; sourceTree = "<group>"; };
		525454D61EF4DF8F00A47EFE /* Info.plist */ = {isa = PBXFileReference; lastKnownFileType = text.plist.xml; path = Info.plist; sourceTree = "<group>"; };
		5255A35E216EFE6600AB6249 /* debug.xcconfig */ = {isa = PBXFileReference; lastKnownFileType = text.xcconfig; path = debug.xcconfig; sourceTree = "<group>"; };
		5255A35F216EFE6600AB6249 /* release.xcconfig */ = {isa = PBXFileReference; lastKnownFileType = text.xcconfig; path = release.xcconfig; sourceTree = "<group>"; };
		5255A360216EFE6600AB6249 /* debug.example.xcconfig */ = {isa = PBXFileReference; lastKnownFileType = text.xcconfig; path = debug.example.xcconfig; sourceTree = "<group>"; };
		5255A361216EFE6600AB6249 /* release.example.xcconfig */ = {isa = PBXFileReference; lastKnownFileType = text.xcconfig; path = release.example.xcconfig; sourceTree = "<group>"; };
		5255A362216EFEF200AB6249 /* .gitignore */ = {isa = PBXFileReference; lastKnownFileType = text; path = .gitignore; sourceTree = SOURCE_ROOT; };
		526F628F221FBA7A0032F930 /* TweetVideo.swift */ = {isa = PBXFileReference; lastKnownFileType = sourcecode.swift; path = TweetVideo.swift; sourceTree = "<group>"; };
		5279CFDF1F5B397700FB4403 /* TwitterUser.swift */ = {isa = PBXFileReference; fileEncoding = 4; lastKnownFileType = sourcecode.swift; path = TwitterUser.swift; sourceTree = "<group>"; };
		527A6A80217051FC0098764C /* UserTimelineLoader.swift */ = {isa = PBXFileReference; lastKnownFileType = sourcecode.swift; path = UserTimelineLoader.swift; sourceTree = "<group>"; };
		527FFC1E1EF754EA00B76881 /* AuthenticationViewController.swift */ = {isa = PBXFileReference; fileEncoding = 4; lastKnownFileType = sourcecode.swift; path = AuthenticationViewController.swift; sourceTree = "<group>"; };
		527FFC261EF8CF9300B76881 /* SwifteriOS.framework */ = {isa = PBXFileReference; explicitFileType = wrapper.framework; path = SwifteriOS.framework; sourceTree = BUILT_PRODUCTS_DIR; };
		527FFC2C1EFA1F1200B76881 /* TweetThreader.swift */ = {isa = PBXFileReference; fileEncoding = 4; lastKnownFileType = sourcecode.swift; path = TweetThreader.swift; sourceTree = "<group>"; };
		528D3C9A21A27CF600D75C7B /* OrientationEnforcer.swift */ = {isa = PBXFileReference; lastKnownFileType = sourcecode.swift; path = OrientationEnforcer.swift; sourceTree = "<group>"; };
		528D3CB321ACF3BB00D75C7B /* SideMenuTableViewController.swift */ = {isa = PBXFileReference; lastKnownFileType = sourcecode.swift; path = SideMenuTableViewController.swift; sourceTree = "<group>"; };
		528D3CB521ACF45800D75C7B /* AccountImageTableViewCell.swift */ = {isa = PBXFileReference; lastKnownFileType = sourcecode.swift; path = AccountImageTableViewCell.swift; sourceTree = "<group>"; };
		528D3CB921AD043600D75C7B /* GlobalVariables.swift */ = {isa = PBXFileReference; lastKnownFileType = sourcecode.swift; path = GlobalVariables.swift; sourceTree = "<group>"; };
		528D3CBB21AD05BF00D75C7B /* AuthenticatedUserController.swift */ = {isa = PBXFileReference; lastKnownFileType = sourcecode.swift; path = AuthenticatedUserController.swift; sourceTree = "<group>"; };
		52A1CE5C1F6F3C2600581FD1 /* UserMention.swift */ = {isa = PBXFileReference; fileEncoding = 4; lastKnownFileType = sourcecode.swift; path = UserMention.swift; sourceTree = "<group>"; };
		52A1CE5E1F6F3C7B00581FD1 /* Hashtag.swift */ = {isa = PBXFileReference; fileEncoding = 4; lastKnownFileType = sourcecode.swift; path = Hashtag.swift; sourceTree = "<group>"; };
		52A1CE611F7607B600581FD1 /* ActionTableViewCell.swift */ = {isa = PBXFileReference; fileEncoding = 4; lastKnownFileType = sourcecode.swift; path = ActionTableViewCell.swift; sourceTree = "<group>"; };
		52A1CE631F760B9200581FD1 /* Date+Extension.swift */ = {isa = PBXFileReference; fileEncoding = 4; lastKnownFileType = sourcecode.swift; path = "Date+Extension.swift"; sourceTree = "<group>"; };
		52A1CE6A1F788B8B00581FD1 /* TweetSummaryCardTableViewCell.swift */ = {isa = PBXFileReference; fileEncoding = 4; lastKnownFileType = sourcecode.swift; path = TweetSummaryCardTableViewCell.swift; sourceTree = "<group>"; };
		52AEB7051F24499100C09F96 /* Tweet.swift */ = {isa = PBXFileReference; fileEncoding = 4; lastKnownFileType = sourcecode.swift; path = Tweet.swift; sourceTree = "<group>"; };
		52CB9976211013BB00FE3A2F /* UserTimelineTableViewController.swift */ = {isa = PBXFileReference; lastKnownFileType = sourcecode.swift; path = UserTimelineTableViewController.swift; sourceTree = "<group>"; };
		52D4F7931F0C8E6E001BC662 /* ThreadedTweetTableViewController.swift */ = {isa = PBXFileReference; fileEncoding = 4; lastKnownFileType = sourcecode.swift; path = ThreadedTweetTableViewController.swift; sourceTree = "<group>"; };
		52D6BEC71FB6B3DF00E93B66 /* TweetImageTableViewCell.swift */ = {isa = PBXFileReference; lastKnownFileType = sourcecode.swift; path = TweetImageTableViewCell.swift; sourceTree = "<group>"; };
		52D6BEE71FB7A6DB00E93B66 /* TweetImage.swift */ = {isa = PBXFileReference; lastKnownFileType = sourcecode.swift; path = TweetImage.swift; sourceTree = "<group>"; };
		52D6BEE91FBFE4DF00E93B66 /* TwitterUserCollectionViewCell.swift */ = {isa = PBXFileReference; lastKnownFileType = sourcecode.swift; path = TwitterUserCollectionViewCell.swift; sourceTree = "<group>"; };
		52D6BEEC1FBFF3F600E93B66 /* TwitterUserCollectionViewController.swift */ = {isa = PBXFileReference; lastKnownFileType = sourcecode.swift; path = TwitterUserCollectionViewController.swift; sourceTree = "<group>"; };
		52D6BEEE1FC533F600E93B66 /* TwitterUserController.swift */ = {isa = PBXFileReference; lastKnownFileType = sourcecode.swift; path = TwitterUserController.swift; sourceTree = "<group>"; };
		52E2D7792378A8B6001124EE /* TwitterLoginButton.swift */ = {isa = PBXFileReference; lastKnownFileType = sourcecode.swift; path = TwitterLoginButton.swift; sourceTree = "<group>"; };
		9991B88551A6B21C527D0BC6 /* Pods_TwitterClient.framework */ = {isa = PBXFileReference; explicitFileType = wrapper.framework; includeInIndex = 0; path = Pods_TwitterClient.framework; sourceTree = BUILT_PRODUCTS_DIR; };
		A2BB33205D458BE1352A775B /* Pods-TwitterClient.release.xcconfig */ = {isa = PBXFileReference; includeInIndex = 1; lastKnownFileType = text.xcconfig; name = "Pods-TwitterClient.release.xcconfig"; path = "Pods/Target Support Files/Pods-TwitterClient/Pods-TwitterClient.release.xcconfig"; sourceTree = "<group>"; };
		D191C0A4F571F0E9D633DCC1 /* Pods-TwitterClient.debug.xcconfig */ = {isa = PBXFileReference; includeInIndex = 1; lastKnownFileType = text.xcconfig; name = "Pods-TwitterClient.debug.xcconfig"; path = "Pods/Target Support Files/Pods-TwitterClient/Pods-TwitterClient.debug.xcconfig"; sourceTree = "<group>"; };
/* End PBXFileReference section */

/* Begin PBXFrameworksBuildPhase section */
		525454C11EF4DF8F00A47EFE /* Frameworks */ = {
			isa = PBXFrameworksBuildPhase;
			buildActionMask = 2147483647;
			files = (
				527FFC271EF8CF9300B76881 /* SwifteriOS.framework in Frameworks */,
				20BA94B8834C8BE813F11FF9 /* Pods_TwitterClient.framework in Frameworks */,
			);
			runOnlyForDeploymentPostprocessing = 0;
		};
/* End PBXFrameworksBuildPhase section */

/* Begin PBXGroup section */
		525454BB1EF4DF8F00A47EFE = {
			isa = PBXGroup;
			children = (
				525454C61EF4DF8F00A47EFE /* TwitterClient */,
				525454C51EF4DF8F00A47EFE /* Products */,
				527FFC2B1EF8D11800B76881 /* Swifter Framework */,
				525454DC1EF4E03C00A47EFE /* Frameworks */,
				7BBD73C2C5C86F321B4F15E3 /* Pods */,
			);
			sourceTree = "<group>";
		};
		525454C51EF4DF8F00A47EFE /* Products */ = {
			isa = PBXGroup;
			children = (
				525454C41EF4DF8F00A47EFE /* TwitterClient.app */,
			);
			name = Products;
			sourceTree = "<group>";
		};
		525454C61EF4DF8F00A47EFE /* TwitterClient */ = {
			isa = PBXGroup;
			children = (
				5255A362216EFEF200AB6249 /* .gitignore */,
				525454CB1EF4DF8F00A47EFE /* Main.storyboard */,
				520D9DD02362A30600E4A6C0 /* Launch Screen.storyboard */,
				525454CE1EF4DF8F00A47EFE /* TwitterClient.xcdatamodeld */,
				528D3CB921AD043600D75C7B /* GlobalVariables.swift */,
				527FFC1E1EF754EA00B76881 /* AuthenticationViewController.swift */,
				52D4F7931F0C8E6E001BC662 /* ThreadedTweetTableViewController.swift */,
				52CB9976211013BB00FE3A2F /* UserTimelineTableViewController.swift */,
				528D3CB321ACF3BB00D75C7B /* SideMenuTableViewController.swift */,
				52D6BEEC1FBFF3F600E93B66 /* TwitterUserCollectionViewController.swift */,
				527FFC2C1EFA1F1200B76881 /* TweetThreader.swift */,
				523177FF1F9709F700EC4303 /* TweetCardBuilder.swift */,
				528D3CBB21AD05BF00D75C7B /* AuthenticatedUserController.swift */,
				52D6BEEE1FC533F600E93B66 /* TwitterUserController.swift */,
				523507411FC7DA88005C58E2 /* TwitterTimelineController.swift */,
				52E2D7792378A8B6001124EE /* TwitterLoginButton.swift */,
				5229110B20199B4200B3B50E /* DesignableView.swift */,
				528D3C9A21A27CF600D75C7B /* OrientationEnforcer.swift */,
				52D6BEEB1FBFE50800E93B66 /* CollectionViewCells */,
				52D6BEC61FB6B0F000E93B66 /* TableViewCells */,
				52A1CE601F6F3C9B00581FD1 /* Data Types */,
				527A6A7F217051BC0098764C /* Protocols */,
				52A1CE651F760B9A00581FD1 /* Extensions */,
				525454DF1EF4E1C000A47EFE /* Supporting Files */,
				5255A35D216EFDFD00AB6249 /* BuildConfig */,
			);
			path = TwitterClient;
			sourceTree = "<group>";
		};
		525454DC1EF4E03C00A47EFE /* Frameworks */ = {
			isa = PBXGroup;
			children = (
				9991B88551A6B21C527D0BC6 /* Pods_TwitterClient.framework */,
			);
			name = Frameworks;
			sourceTree = "<group>";
		};
		525454DF1EF4E1C000A47EFE /* Supporting Files */ = {
			isa = PBXGroup;
			children = (
				525454C71EF4DF8F00A47EFE /* AppDelegate.swift */,
				525454D11EF4DF8F00A47EFE /* Assets.xcassets */,
				525454D61EF4DF8F00A47EFE /* Info.plist */,
			);
			name = "Supporting Files";
			sourceTree = "<group>";
		};
		5255A35D216EFDFD00AB6249 /* BuildConfig */ = {
			isa = PBXGroup;
			children = (
				5255A360216EFE6600AB6249 /* debug.example.xcconfig */,
				5255A35E216EFE6600AB6249 /* debug.xcconfig */,
				5255A361216EFE6600AB6249 /* release.example.xcconfig */,
				5255A35F216EFE6600AB6249 /* release.xcconfig */,
			);
			path = BuildConfig;
			sourceTree = "<group>";
		};
		527A6A7F217051BC0098764C /* Protocols */ = {
			isa = PBXGroup;
			children = (
				527A6A80217051FC0098764C /* UserTimelineLoader.swift */,
			);
			name = Protocols;
			sourceTree = "<group>";
		};
		527FFC2B1EF8D11800B76881 /* Swifter Framework */ = {
			isa = PBXGroup;
			children = (
				527FFC261EF8CF9300B76881 /* SwifteriOS.framework */,
			);
			name = "Swifter Framework";
			sourceTree = "<group>";
		};
		52A1CE601F6F3C9B00581FD1 /* Data Types */ = {
			isa = PBXGroup;
			children = (
				52AEB7051F24499100C09F96 /* Tweet.swift */,
				5279CFDF1F5B397700FB4403 /* TwitterUser.swift */,
				52A1CE5C1F6F3C2600581FD1 /* UserMention.swift */,
				52A1CE5E1F6F3C7B00581FD1 /* Hashtag.swift */,
				523177FB1F91C4DE00EC4303 /* TweetURL.swift */,
				523177FD1F97015C00EC4303 /* TweetCard.swift */,
				52D6BEE71FB7A6DB00E93B66 /* TweetImage.swift */,
				526F628F221FBA7A0032F930 /* TweetVideo.swift */,
			);
			name = "Data Types";
			sourceTree = "<group>";
		};
		52A1CE651F760B9A00581FD1 /* Extensions */ = {
			isa = PBXGroup;
			children = (
				52A1CE631F760B9200581FD1 /* Date+Extension.swift */,
			);
			name = Extensions;
			sourceTree = "<group>";
		};
		52D6BEC61FB6B0F000E93B66 /* TableViewCells */ = {
			isa = PBXGroup;
			children = (
				524212A01F17189F008C545E /* TweetTableViewCell.swift */,
				52A1CE6A1F788B8B00581FD1 /* TweetSummaryCardTableViewCell.swift */,
				52D6BEC71FB6B3DF00E93B66 /* TweetImageTableViewCell.swift */,
				5213A0DC22093E030083D35C /* TweetVideoTableViewCell.swift */,
				52A1CE611F7607B600581FD1 /* ActionTableViewCell.swift */,
				528D3CB521ACF45800D75C7B /* AccountImageTableViewCell.swift */,
			);
			name = TableViewCells;
			sourceTree = "<group>";
		};
		52D6BEEB1FBFE50800E93B66 /* CollectionViewCells */ = {
			isa = PBXGroup;
			children = (
				52D6BEE91FBFE4DF00E93B66 /* TwitterUserCollectionViewCell.swift */,
			);
			name = CollectionViewCells;
			sourceTree = "<group>";
		};
		7BBD73C2C5C86F321B4F15E3 /* Pods */ = {
			isa = PBXGroup;
			children = (
				D191C0A4F571F0E9D633DCC1 /* Pods-TwitterClient.debug.xcconfig */,
				A2BB33205D458BE1352A775B /* Pods-TwitterClient.release.xcconfig */,
			);
			name = Pods;
			sourceTree = "<group>";
		};
/* End PBXGroup section */

/* Begin PBXNativeTarget section */
		525454C31EF4DF8F00A47EFE /* TwitterClient */ = {
			isa = PBXNativeTarget;
			buildConfigurationList = 525454D91EF4DF8F00A47EFE /* Build configuration list for PBXNativeTarget "TwitterClient" */;
			buildPhases = (
				FD9BDC9FBA22E65E7780DE18 /* [CP] Check Pods Manifest.lock */,
				525454C01EF4DF8F00A47EFE /* Sources */,
				525454C11EF4DF8F00A47EFE /* Frameworks */,
				525454C21EF4DF8F00A47EFE /* Resources */,
				527FFC291EF8CF9300B76881 /* Embed Frameworks */,
				CA9A748F83DFD776652FDC73 /* [CP] Embed Pods Frameworks */,
			);
			buildRules = (
			);
			dependencies = (
			);
			name = TwitterClient;
			productName = TwitterClient;
			productReference = 525454C41EF4DF8F00A47EFE /* TwitterClient.app */;
			productType = "com.apple.product-type.application";
		};
/* End PBXNativeTarget section */

/* Begin PBXProject section */
		525454BC1EF4DF8F00A47EFE /* Project object */ = {
			isa = PBXProject;
			attributes = {
				LastSwiftUpdateCheck = 0830;
				LastUpgradeCheck = 1030;
				ORGANIZATIONNAME = JohnPattonXP;
				TargetAttributes = {
					525454C31EF4DF8F00A47EFE = {
						CreatedOnToolsVersion = 8.3.3;
						DevelopmentTeam = 63NZ645GEQ;
						LastSwiftMigration = 1030;
						ProvisioningStyle = Automatic;
					};
				};
			};
			buildConfigurationList = 525454BF1EF4DF8F00A47EFE /* Build configuration list for PBXProject "TwitterClient" */;
			compatibilityVersion = "Xcode 3.2";
			developmentRegion = en;
			hasScannedForEncodings = 0;
			knownRegions = (
				en,
				Base,
			);
			mainGroup = 525454BB1EF4DF8F00A47EFE;
			productRefGroup = 525454C51EF4DF8F00A47EFE /* Products */;
			projectDirPath = "";
			projectRoot = "";
			targets = (
				525454C31EF4DF8F00A47EFE /* TwitterClient */,
			);
		};
/* End PBXProject section */

/* Begin PBXResourcesBuildPhase section */
		525454C21EF4DF8F00A47EFE /* Resources */ = {
			isa = PBXResourcesBuildPhase;
			buildActionMask = 2147483647;
			files = (
				525454D21EF4DF8F00A47EFE /* Assets.xcassets in Resources */,
				520D9DD12362A30600E4A6C0 /* Launch Screen.storyboard in Resources */,
				525454CD1EF4DF8F00A47EFE /* Main.storyboard in Resources */,
			);
			runOnlyForDeploymentPostprocessing = 0;
		};
/* End PBXResourcesBuildPhase section */

/* Begin PBXShellScriptBuildPhase section */
		CA9A748F83DFD776652FDC73 /* [CP] Embed Pods Frameworks */ = {
			isa = PBXShellScriptBuildPhase;
			buildActionMask = 2147483647;
			files = (
			);
			inputPaths = (
				"${SRCROOT}/Pods/Target Support Files/Pods-TwitterClient/Pods-TwitterClient-frameworks.sh",
				"${BUILT_PRODUCTS_DIR}/GSImageViewerController/GSImageViewerController.framework",
				"${BUILT_PRODUCTS_DIR}/Kingfisher/Kingfisher.framework",
				"${BUILT_PRODUCTS_DIR}/SideMenu/SideMenu.framework",
			);
			name = "[CP] Embed Pods Frameworks";
			outputPaths = (
				"${TARGET_BUILD_DIR}/${FRAMEWORKS_FOLDER_PATH}/GSImageViewerController.framework",
				"${TARGET_BUILD_DIR}/${FRAMEWORKS_FOLDER_PATH}/Kingfisher.framework",
				"${TARGET_BUILD_DIR}/${FRAMEWORKS_FOLDER_PATH}/SideMenu.framework",
			);
			runOnlyForDeploymentPostprocessing = 0;
			shellPath = /bin/sh;
			shellScript = "\"${SRCROOT}/Pods/Target Support Files/Pods-TwitterClient/Pods-TwitterClient-frameworks.sh\"\n";
			showEnvVarsInLog = 0;
		};
		FD9BDC9FBA22E65E7780DE18 /* [CP] Check Pods Manifest.lock */ = {
			isa = PBXShellScriptBuildPhase;
			buildActionMask = 2147483647;
			files = (
			);
			inputPaths = (
				"${PODS_PODFILE_DIR_PATH}/Podfile.lock",
				"${PODS_ROOT}/Manifest.lock",
			);
			name = "[CP] Check Pods Manifest.lock";
			outputPaths = (
				"$(DERIVED_FILE_DIR)/Pods-TwitterClient-checkManifestLockResult.txt",
			);
			runOnlyForDeploymentPostprocessing = 0;
			shellPath = /bin/sh;
			shellScript = "diff \"${PODS_PODFILE_DIR_PATH}/Podfile.lock\" \"${PODS_ROOT}/Manifest.lock\" > /dev/null\nif [ $? != 0 ] ; then\n    # print error to STDERR\n    echo \"error: The sandbox is not in sync with the Podfile.lock. Run 'pod install' or update your CocoaPods installation.\" >&2\n    exit 1\nfi\n# This output is used by Xcode 'outputs' to avoid re-running this script phase.\necho \"SUCCESS\" > \"${SCRIPT_OUTPUT_FILE_0}\"\n";
			showEnvVarsInLog = 0;
		};
/* End PBXShellScriptBuildPhase section */

/* Begin PBXSourcesBuildPhase section */
		525454C01EF4DF8F00A47EFE /* Sources */ = {
			isa = PBXSourcesBuildPhase;
			buildActionMask = 2147483647;
			files = (
				523507421FC7DA88005C58E2 /* TwitterTimelineController.swift in Sources */,
				52CB9977211013BB00FE3A2F /* UserTimelineTableViewController.swift in Sources */,
				528D3CB621ACF45800D75C7B /* AccountImageTableViewCell.swift in Sources */,
				52A1CE5F1F6F3C7B00581FD1 /* Hashtag.swift in Sources */,
				528D3C9B21A27CF600D75C7B /* OrientationEnforcer.swift in Sources */,
				526F6290221FBA7A0032F930 /* TweetVideo.swift in Sources */,
				528D3CBA21AD043600D75C7B /* GlobalVariables.swift in Sources */,
				52A1CE641F760B9200581FD1 /* Date+Extension.swift in Sources */,
				52A1CE6B1F788B8B00581FD1 /* TweetSummaryCardTableViewCell.swift in Sources */,
				52A1CE5D1F6F3C2600581FD1 /* UserMention.swift in Sources */,
				523177FC1F91C4DE00EC4303 /* TweetURL.swift in Sources */,
				5213A0DD22093E030083D35C /* TweetVideoTableViewCell.swift in Sources */,
				528D3CBC21AD05BF00D75C7B /* AuthenticatedUserController.swift in Sources */,
				527FFC2D1EFA1F1200B76881 /* TweetThreader.swift in Sources */,
				5229110C20199B4200B3B50E /* DesignableView.swift in Sources */,
				523177FE1F97015C00EC4303 /* TweetCard.swift in Sources */,
				525454D01EF4DF8F00A47EFE /* TwitterClient.xcdatamodeld in Sources */,
				523178001F9709F700EC4303 /* TweetCardBuilder.swift in Sources */,
				52A1CE621F7607B600581FD1 /* ActionTableViewCell.swift in Sources */,
				52D6BEE81FB7A6DB00E93B66 /* TweetImage.swift in Sources */,
				52E2D77A2378A8B6001124EE /* TwitterLoginButton.swift in Sources */,
				52D6BEEA1FBFE4DF00E93B66 /* TwitterUserCollectionViewCell.swift in Sources */,
				52D6BEC81FB6B3DF00E93B66 /* TweetImageTableViewCell.swift in Sources */,
				52D6BEEF1FC533F600E93B66 /* TwitterUserController.swift in Sources */,
				527FFC201EF754EA00B76881 /* AuthenticationViewController.swift in Sources */,
				52D4F7941F0C8E6E001BC662 /* ThreadedTweetTableViewController.swift in Sources */,
				525454C81EF4DF8F00A47EFE /* AppDelegate.swift in Sources */,
				524212A11F17189F008C545E /* TweetTableViewCell.swift in Sources */,
				527A6A81217051FC0098764C /* UserTimelineLoader.swift in Sources */,
				52AEB7061F24499100C09F96 /* Tweet.swift in Sources */,
				52D6BEED1FBFF3F600E93B66 /* TwitterUserCollectionViewController.swift in Sources */,
				5279CFE01F5B397700FB4403 /* TwitterUser.swift in Sources */,
				528D3CB421ACF3BB00D75C7B /* SideMenuTableViewController.swift in Sources */,
			);
			runOnlyForDeploymentPostprocessing = 0;
		};
/* End PBXSourcesBuildPhase section */

/* Begin PBXVariantGroup section */
		525454CB1EF4DF8F00A47EFE /* Main.storyboard */ = {
			isa = PBXVariantGroup;
			children = (
				525454CC1EF4DF8F00A47EFE /* Base */,
			);
			name = Main.storyboard;
			sourceTree = "<group>";
		};
/* End PBXVariantGroup section */

/* Begin XCBuildConfiguration section */
		525454D71EF4DF8F00A47EFE /* Debug */ = {
			isa = XCBuildConfiguration;
			baseConfigurationReference = 5255A35E216EFE6600AB6249 /* debug.xcconfig */;
			buildSettings = {
				ALWAYS_SEARCH_USER_PATHS = NO;
				CLANG_ANALYZER_NONNULL = YES;
				CLANG_ANALYZER_NUMBER_OBJECT_CONVERSION = YES_AGGRESSIVE;
				CLANG_CXX_LANGUAGE_STANDARD = "gnu++0x";
				CLANG_CXX_LIBRARY = "libc++";
				CLANG_ENABLE_MODULES = YES;
				CLANG_ENABLE_OBJC_ARC = YES;
				CLANG_WARN_BLOCK_CAPTURE_AUTORELEASING = YES;
				CLANG_WARN_BOOL_CONVERSION = YES;
				CLANG_WARN_COMMA = YES;
				CLANG_WARN_CONSTANT_CONVERSION = YES;
				CLANG_WARN_DEPRECATED_OBJC_IMPLEMENTATIONS = YES;
				CLANG_WARN_DIRECT_OBJC_ISA_USAGE = YES_ERROR;
				CLANG_WARN_DOCUMENTATION_COMMENTS = YES;
				CLANG_WARN_EMPTY_BODY = YES;
				CLANG_WARN_ENUM_CONVERSION = YES;
				CLANG_WARN_INFINITE_RECURSION = YES;
				CLANG_WARN_INT_CONVERSION = YES;
				CLANG_WARN_NON_LITERAL_NULL_CONVERSION = YES;
				CLANG_WARN_OBJC_IMPLICIT_RETAIN_SELF = YES;
				CLANG_WARN_OBJC_LITERAL_CONVERSION = YES;
				CLANG_WARN_OBJC_ROOT_CLASS = YES_ERROR;
				CLANG_WARN_RANGE_LOOP_ANALYSIS = YES;
				CLANG_WARN_STRICT_PROTOTYPES = YES;
				CLANG_WARN_SUSPICIOUS_MOVE = YES;
				CLANG_WARN_UNREACHABLE_CODE = YES;
				CLANG_WARN__DUPLICATE_METHOD_MATCH = YES;
				"CODE_SIGN_IDENTITY[sdk=iphoneos*]" = "iPhone Developer";
				COPY_PHASE_STRIP = NO;
				DEBUG_INFORMATION_FORMAT = dwarf;
				ENABLE_STRICT_OBJC_MSGSEND = YES;
				ENABLE_TESTABILITY = YES;
				GCC_C_LANGUAGE_STANDARD = gnu99;
				GCC_DYNAMIC_NO_PIC = NO;
				GCC_NO_COMMON_BLOCKS = YES;
				GCC_OPTIMIZATION_LEVEL = 0;
				GCC_PREPROCESSOR_DEFINITIONS = (
					"DEBUG=1",
					"$(inherited)",
				);
				GCC_WARN_64_TO_32_BIT_CONVERSION = YES;
				GCC_WARN_ABOUT_RETURN_TYPE = YES_ERROR;
				GCC_WARN_UNDECLARED_SELECTOR = YES;
				GCC_WARN_UNINITIALIZED_AUTOS = YES_AGGRESSIVE;
				GCC_WARN_UNUSED_FUNCTION = YES;
				GCC_WARN_UNUSED_VARIABLE = YES;
				IPHONEOS_DEPLOYMENT_TARGET = 11.0;
				MTL_ENABLE_DEBUG_INFO = YES;
				ONLY_ACTIVE_ARCH = YES;
				SDKROOT = iphoneos;
				SWIFT_ACTIVE_COMPILATION_CONDITIONS = DEBUG;
				SWIFT_OPTIMIZATION_LEVEL = "-Onone";
			};
			name = Debug;
		};
		525454D81EF4DF8F00A47EFE /* Release */ = {
			isa = XCBuildConfiguration;
			baseConfigurationReference = 5255A35F216EFE6600AB6249 /* release.xcconfig */;
			buildSettings = {
				ALWAYS_SEARCH_USER_PATHS = NO;
				CLANG_ANALYZER_NONNULL = YES;
				CLANG_ANALYZER_NUMBER_OBJECT_CONVERSION = YES_AGGRESSIVE;
				CLANG_CXX_LANGUAGE_STANDARD = "gnu++0x";
				CLANG_CXX_LIBRARY = "libc++";
				CLANG_ENABLE_MODULES = YES;
				CLANG_ENABLE_OBJC_ARC = YES;
				CLANG_WARN_BLOCK_CAPTURE_AUTORELEASING = YES;
				CLANG_WARN_BOOL_CONVERSION = YES;
				CLANG_WARN_COMMA = YES;
				CLANG_WARN_CONSTANT_CONVERSION = YES;
				CLANG_WARN_DEPRECATED_OBJC_IMPLEMENTATIONS = YES;
				CLANG_WARN_DIRECT_OBJC_ISA_USAGE = YES_ERROR;
				CLANG_WARN_DOCUMENTATION_COMMENTS = YES;
				CLANG_WARN_EMPTY_BODY = YES;
				CLANG_WARN_ENUM_CONVERSION = YES;
				CLANG_WARN_INFINITE_RECURSION = YES;
				CLANG_WARN_INT_CONVERSION = YES;
				CLANG_WARN_NON_LITERAL_NULL_CONVERSION = YES;
				CLANG_WARN_OBJC_IMPLICIT_RETAIN_SELF = YES;
				CLANG_WARN_OBJC_LITERAL_CONVERSION = YES;
				CLANG_WARN_OBJC_ROOT_CLASS = YES_ERROR;
				CLANG_WARN_RANGE_LOOP_ANALYSIS = YES;
				CLANG_WARN_STRICT_PROTOTYPES = YES;
				CLANG_WARN_SUSPICIOUS_MOVE = YES;
				CLANG_WARN_UNREACHABLE_CODE = YES;
				CLANG_WARN__DUPLICATE_METHOD_MATCH = YES;
				"CODE_SIGN_IDENTITY[sdk=iphoneos*]" = "iPhone Developer";
				COPY_PHASE_STRIP = NO;
				DEBUG_INFORMATION_FORMAT = "dwarf-with-dsym";
				ENABLE_NS_ASSERTIONS = NO;
				ENABLE_STRICT_OBJC_MSGSEND = YES;
				GCC_C_LANGUAGE_STANDARD = gnu99;
				GCC_NO_COMMON_BLOCKS = YES;
				GCC_WARN_64_TO_32_BIT_CONVERSION = YES;
				GCC_WARN_ABOUT_RETURN_TYPE = YES_ERROR;
				GCC_WARN_UNDECLARED_SELECTOR = YES;
				GCC_WARN_UNINITIALIZED_AUTOS = YES_AGGRESSIVE;
				GCC_WARN_UNUSED_FUNCTION = YES;
				GCC_WARN_UNUSED_VARIABLE = YES;
				IPHONEOS_DEPLOYMENT_TARGET = 11.0;
				MTL_ENABLE_DEBUG_INFO = NO;
				SDKROOT = iphoneos;
				SWIFT_OPTIMIZATION_LEVEL = "-Owholemodule";
				VALIDATE_PRODUCT = YES;
			};
			name = Release;
		};
		525454DA1EF4DF8F00A47EFE /* Debug */ = {
			isa = XCBuildConfiguration;
			baseConfigurationReference = D191C0A4F571F0E9D633DCC1 /* Pods-TwitterClient.debug.xcconfig */;
			buildSettings = {
				ASSETCATALOG_COMPILER_APPICON_NAME = AppIcon;
				CURRENT_PROJECT_VERSION = 3;
				DEVELOPMENT_TEAM = 63NZ645GEQ;
				INFOPLIST_FILE = TwitterClient/Info.plist;
				LD_RUNPATH_SEARCH_PATHS = "$(inherited) @executable_path/Frameworks";
				MARKETING_VERSION = 1.1;
				PRODUCT_BUNDLE_IDENTIFIER = com.johnpattonxp.Follower;
				PRODUCT_NAME = "$(TARGET_NAME)";
				SWIFT_VERSION = 5.0;
			};
			name = Debug;
		};
		525454DB1EF4DF8F00A47EFE /* Release */ = {
			isa = XCBuildConfiguration;
			baseConfigurationReference = A2BB33205D458BE1352A775B /* Pods-TwitterClient.release.xcconfig */;
			buildSettings = {
				ASSETCATALOG_COMPILER_APPICON_NAME = AppIcon;
				CURRENT_PROJECT_VERSION = 3;
				DEVELOPMENT_TEAM = 63NZ645GEQ;
				INFOPLIST_FILE = TwitterClient/Info.plist;
				LD_RUNPATH_SEARCH_PATHS = "$(inherited) @executable_path/Frameworks";
				MARKETING_VERSION = 1.1;
				PRODUCT_BUNDLE_IDENTIFIER = com.johnpattonxp.Follower;
				PRODUCT_NAME = "$(TARGET_NAME)";
				SWIFT_VERSION = 5.0;
			};
			name = Release;
		};
/* End XCBuildConfiguration section */

/* Begin XCConfigurationList section */
		525454BF1EF4DF8F00A47EFE /* Build configuration list for PBXProject "TwitterClient" */ = {
			isa = XCConfigurationList;
			buildConfigurations = (
				525454D71EF4DF8F00A47EFE /* Debug */,
				525454D81EF4DF8F00A47EFE /* Release */,
			);
			defaultConfigurationIsVisible = 0;
			defaultConfigurationName = Release;
		};
		525454D91EF4DF8F00A47EFE /* Build configuration list for PBXNativeTarget "TwitterClient" */ = {
			isa = XCConfigurationList;
			buildConfigurations = (
				525454DA1EF4DF8F00A47EFE /* Debug */,
				525454DB1EF4DF8F00A47EFE /* Release */,
			);
			defaultConfigurationIsVisible = 0;
			defaultConfigurationName = Release;
		};
/* End XCConfigurationList section */

/* Begin XCVersionGroup section */
		525454CE1EF4DF8F00A47EFE /* TwitterClient.xcdatamodeld */ = {
			isa = XCVersionGroup;
			children = (
				525454CF1EF4DF8F00A47EFE /* TwitterClient.xcdatamodel */,
			);
			currentVersion = 525454CF1EF4DF8F00A47EFE /* TwitterClient.xcdatamodel */;
			path = TwitterClient.xcdatamodeld;
			sourceTree = "<group>";
			versionGroupType = wrapper.xcdatamodel;
		};
/* End XCVersionGroup section */
	};
	rootObject = 525454BC1EF4DF8F00A47EFE /* Project object */;
}
