PODS:
  - GSImageViewerController (1.6.2)
  - Kingfisher (4.10.1)
  - SideMenu (6.4.4)

DEPENDENCIES:
  - GSImageViewerController (~> 1.4)
  - Kingfisher (~> 4.0)
  - SideMenu

SPEC REPOS:
  https://github.com/cocoapods/specs.git:
    - GSImageViewerController
    - Kingfisher
    - SideMenu

SPEC CHECKSUMS:
  GSImageViewerController: 3b8fb7d2ab7596152329d7910eeb1905b2284cb9
  Kingfisher: c148cd7b47ebde9989f6bc7c27dcaa79d81279a0
  SideMenu: e49a7d61d1f50e9bdaa866bbb9fc7d903c6400ed

PODFILE CHECKSUM: 997828fb60dbeee6fc35bb289bc0b9fc0df41789

COCOAPODS: 1.5.3
